
Microsoft Visual Studio Solution File, Format Version 12.00
# Visual Studio Version 16
VisualStudioVersion = 16.0.31911.196
MinimumVisualStudioVersion = 10.0.40219.1
Project("{FAE04EC0-301F-11D3-BF4B-00C04F79EFBC}") = "Fenwick-CSharp", "Fenwick-CSharp.csproj", "{CAEC9D06-BB49-4A2D-9402-31AE9F35046A}"
EndProject
Global
	GlobalSection(SolutionConfigurationPlatforms) = preSolution
		Debug|Any CPU = Debug|Any CPU
		Release|Any CPU = Release|Any CPU
	EndGlobalSection
	GlobalSection(ProjectConfigurationPlatforms) = postSolution
		{CAEC9D06-BB49-4A2D-9402-31AE9F35046A}.Debug|Any CPU.ActiveCfg = Debug|Any CPU
		{CAEC9D06-BB49-4A2D-9402-31AE9F35046A}.Debug|Any CPU.Build.0 = Debug|Any CPU
		{CAEC9D06-BB49-4A2D-9402-31AE9F35046A}.Release|Any CPU.ActiveCfg = Release|Any CPU
		{CAEC9D06-BB49-4A2D-9402-31AE9F35046A}.Release|Any CPU.Build.0 = Release|Any CPU
	EndGlobalSection
	GlobalSection(SolutionProperties) = preSolution
		HideSolutionNode = FALSE
	EndGlobalSection
	GlobalSection(ExtensibilityGlobals) = postSolution
		SolutionGuid = {EF362A0C-07AA-428B-B5B6-58B050826E0A}
	EndGlobalSection
EndGlobal
