
Microsoft Visual Studio Solution File, Format Version 12.00
# Visual Studio Version 16
VisualStudioVersion = 16.0.31911.196
MinimumVisualStudioVersion = 10.0.40219.1
Project("{FAE04EC0-301F-11D3-BF4B-00C04F79EFBC}") = "Singleton-CSharp", "Singleton-CSharp.csproj", "{1770CA68-6EA2-44BA-87ED-09A538F7C334}"
EndProject
Global
	GlobalSection(SolutionConfigurationPlatforms) = preSolution
		Debug|Any CPU = Debug|Any CPU
		Release|Any CPU = Release|Any CPU
	EndGlobalSection
	GlobalSection(ProjectConfigurationPlatforms) = postSolution
		{1770CA68-6EA2-44BA-87ED-09A538F7C334}.Debug|Any CPU.ActiveCfg = Debug|Any CPU
		{1770CA68-6EA2-44BA-87ED-09A538F7C334}.Debug|Any CPU.Build.0 = Debug|Any CPU
		{1770CA68-6EA2-44BA-87ED-09A538F7C334}.Release|Any CPU.ActiveCfg = Release|Any CPU
		{1770CA68-6EA2-44BA-87ED-09A538F7C334}.Release|Any CPU.Build.0 = Release|Any CPU
	EndGlobalSection
	GlobalSection(SolutionProperties) = preSolution
		HideSolutionNode = FALSE
	EndGlobalSection
	GlobalSection(ExtensibilityGlobals) = postSolution
		SolutionGuid = {06A34700-61EC-4FB4-AB2A-04B122B5006F}
	EndGlobalSection
EndGlobal
